{
    "brick/math": {
        "version": "0.9.3"
    },
    "composer/package-versions-deprecated": {
        "version": "1.11.99.1"
    },
    "darsyn/ip": {
        "version": "4.0.1"
    },
    "doctrine/collections": {
        "version": "1.6.8"
    },
    "doctrine/common": {
        "version": "3.2.0"
    },
    "doctrine/dbal": {
        "version": "3.2.0"
    },
    "doctrine/deprecations": {
        "version": "v0.5.3"
    },
    "doctrine/doctrine-bundle": {
        "version": "2.15",
        "recipe": {
            "repo": "github.com/symfony/recipes",
            "branch": "main",
            "version": "2.13",
            "ref": "620b57f496f2e599a6015a9fa222c2ee0a32adcb"
        },
        "files": [
            "config/packages/doctrine.yaml",
            "src/Entity/.gitignore",
            "src/Repository/.gitignore"
        ]
    },
    "doctrine/doctrine-migrations-bundle": {
        "version": "3.2",
        "recipe": {
            "repo": "github.com/symfony/recipes",
            "branch": "main",
            "version": "3.1",
            "ref": "1d01ec03c6ecbd67c3375c5478c9a423ae5d6a33"
        },
        "files": [
            "config/packages/doctrine_migrations.yaml",
            "migrations/.gitignore"
        ]
    },
    "doctrine/event-manager": {
        "version": "1.1.1"
    },
    "doctrine/inflector": {
        "version": "2.0.4"
    },
    "doctrine/instantiator": {
        "version": "1.4.0"
    },
    "doctrine/lexer": {
        "version": "1.2.1"
    },
    "doctrine/migrations": {
        "version": "3.3.2"
    },
    "doctrine/orm": {
        "version": "2.10.3"
    },
    "doctrine/persistence": {
        "version": "2.2.3"
    },
    "doctrine/sql-formatter": {
        "version": "1.1.2"
    },
    "easycorp/easyadmin-bundle": {
        "version": "4.24",
        "recipe": {
            "repo": "github.com/symfony/recipes",
            "branch": "main",
            "version": "4.14",
            "ref": "13b3e524d1038a6861ad6c7fc64e31b644ba0c54"
        },
        "files": [
            "config/routes/easyadmin.yaml"
        ]
    },
    "egulias/email-validator": {
        "version": "3.1.2"
    },
    "friendsofphp/php-cs-fixer": {
        "version": "3.89",
        "recipe": {
            "repo": "github.com/symfony/recipes",
            "branch": "main",
            "version": "3.0",
            "ref": "be2103eb4a20942e28a6dd87736669b757132435"
        },
        "files": [
            ".php-cs-fixer.dist.php"
        ]
    },
    "gedmo/doctrine-extensions": {
        "version": "v3.4.0"
    },
    "google/recaptcha": {
        "version": "1.2",
        "recipe": {
            "repo": "github.com/symfony/recipes-contrib",
            "branch": "master",
            "version": "1.1",
            "ref": "e5a4aa21f2e98d7440ae9aab6b56e307f99dd084"
        }
    },
    "imagine/imagine": {
        "version": "1.2.4"
    },
    "karser/karser-recaptcha3-bundle": {
        "version": "0.1",
        "recipe": {
            "repo": "github.com/symfony/recipes-contrib",
            "branch": "master",
            "version": "0.1",
            "ref": "c51ce07c10331d506762efe25b6f5843c1a5ea17"
        },
        "files": [
            "config/packages/karser_recaptcha3.yaml"
        ]
    },
    "knplabs/knp-paginator-bundle": {
        "version": "v6.3.0"
    },
    "liip/imagine-bundle": {
        "version": "2.7",
        "recipe": {
            "repo": "github.com/symfony/recipes-contrib",
            "branch": "master",
            "version": "1.8",
            "ref": "d1227d002b70d1a1f941d91845fcd7ac7fbfc929"
        },
        "files": [
            "config/packages/liip_imagine.yaml",
            "config/routes/liip_imagine.yaml"
        ]
    },
    "meilisearch/search-bundle": {
        "version": "0.15",
        "recipe": {
            "repo": "github.com/symfony/recipes-contrib",
            "branch": "main",
            "version": "0.10",
            "ref": "f0730f97441a5391832fb176305f69abe86b70a3"
        },
        "files": [
            "config/packages/meilisearch.yaml"
        ]
    },
    "monolog/monolog": {
        "version": "2.3.5"
    },
    "nikic/php-parser": {
        "version": "v4.13.2"
    },
    "oro/doctrine-extensions": {
        "version": "2.0.1"
    },
    "pentatrion/vite-bundle": {
        "version": "8.0",
        "recipe": {
            "repo": "github.com/symfony/recipes-contrib",
            "branch": "main",
            "version": "6.5",
            "ref": "3a6673f248f8fc1dd364dadfef4c5b381d1efab6"
        }
    },
    "php-http/discovery": {
        "version": "1.20",
        "recipe": {
            "repo": "github.com/symfony/recipes",
            "branch": "main",
            "version": "1.18",
            "ref": "f45b5dd173a27873ab19f5e3180b2f661c21de02"
        },
        "files": [
            "config/packages/http_discovery.yaml"
        ]
    },
    "phpdocumentor/reflection-common": {
        "version": "2.2.0"
    },
    "phpdocumentor/reflection-docblock": {
        "version": "5.3.0"
    },
    "phpdocumentor/type-resolver": {
        "version": "1.5.1"
    },
    "phpstan/phpstan": {
        "version": "0.12.99"
    },
    "phpstan/phpstan-doctrine": {
        "version": "0.12.44"
    },
    "phpstan/phpstan-symfony": {
        "version": "0.12.44"
    },
    "predis/predis": {
        "version": "v1.1.9"
    },
    "psr/cache": {
        "version": "2.0.0"
    },
    "psr/container": {
        "version": "1.1.2"
    },
    "psr/event-dispatcher": {
        "version": "1.0.0"
    },
    "psr/link": {
        "version": "1.1.1"
    },
    "psr/log": {
        "version": "2.0.0"
    },
    "ramsey/collection": {
        "version": "1.2.2"
    },
    "roave/security-advisories": {
        "version": "dev-master"
    },
    "sentry/sentry-symfony": {
        "version": "5.3",
        "recipe": {
            "repo": "github.com/symfony/recipes-contrib",
            "branch": "main",
            "version": "5.0",
            "ref": "f26c577142172082bb3aeef519af6b5944b86ac2"
        },
        "files": [
            "config/packages/sentry.yaml"
        ]
    },
    "snc/redis-bundle": {
        "version": "4.1",
        "recipe": {
            "repo": "github.com/symfony/recipes-contrib",
            "branch": "master",
            "version": "2.0",
            "ref": "36b3d9ab65be62de4e085a25e6ca899efa96b1f3"
        },
        "files": [
            "config/packages/snc_redis.yaml"
        ]
    },
    "stof/doctrine-extensions-bundle": {
        "version": "1.8",
        "recipe": {
            "repo": "github.com/symfony/recipes-contrib",
            "branch": "main",
            "version": "1.2",
            "ref": "e805aba9eff5372e2d149a9ff56566769e22819d"
        },
        "files": [
            "config/packages/stof_doctrine_extensions.yaml"
        ]
    },
    "symfony/asset": {
        "version": "v5.4.0"
    },
    "symfony/browser-kit": {
        "version": "v5.4.0"
    },
    "symfony/cache": {
        "version": "v5.4.0"
    },
    "symfony/cache-contracts": {
        "version": "v2.5.0"
    },
    "symfony/config": {
        "version": "v5.4.0"
    },
    "symfony/console": {
        "version": "7.1",
        "recipe": {
            "repo": "github.com/symfony/recipes",
            "branch": "main",
            "version": "5.3",
            "ref": "1781ff40d8a17d87cf53f8d4cf0c8346ed2bb461"
        },
        "files": [
            "bin/console"
        ]
    },
    "symfony/css-selector": {
        "version": "v5.4.0"
    },
    "symfony/debug-bundle": {
        "version": "5.4",
        "recipe": {
            "repo": "github.com/symfony/recipes",
            "branch": "master",
            "version": "5.3",
            "ref": "5aa8aa48234c8eb6dbdd7b3cd5d791485d2cec4b"
        },
        "files": [
            "config/packages/debug.yaml"
        ]
    },
    "symfony/dependency-injection": {
        "version": "v5.4.1"
    },
    "symfony/deprecation-contracts": {
        "version": "v3.0.0"
    },
    "symfony/doctrine-bridge": {
        "version": "v5.4.1"
    },
    "symfony/dom-crawler": {
        "version": "v5.4.0"
    },
    "symfony/dotenv": {
        "version": "v5.4.0"
    },
    "symfony/error-handler": {
        "version": "v5.4.1"
    },
    "symfony/event-dispatcher": {
        "version": "v5.4.0"
    },
    "symfony/event-dispatcher-contracts": {
        "version": "v3.0.0"
    },
    "symfony/expression-language": {
        "version": "v5.4.0"
    },
    "symfony/filesystem": {
        "version": "v5.4.0"
    },
    "symfony/finder": {
        "version": "v5.4.0"
    },
    "symfony/flex": {
        "version": "2.5",
        "recipe": {
            "repo": "github.com/symfony/recipes",
            "branch": "main",
            "version": "2.4",
            "ref": "52e9754527a15e2b79d9a610f98185a1fe46622a"
        },
        "files": [
            ".env",
            ".env.dev"
        ]
    },
    "symfony/form": {
        "version": "v5.4.0"
    },
    "symfony/framework-bundle": {
        "version": "7.3",
        "recipe": {
            "repo": "github.com/symfony/recipes",
            "branch": "main",
            "version": "7.3",
            "ref": "5a1497d539f691b96afd45ae397ce5fe30beb4b9"
        },
        "files": [
            ".editorconfig",
            "config/packages/cache.yaml",
            "config/packages/framework.yaml",
            "config/preload.php",
            "config/routes/framework.yaml",
            "config/services.yaml",
            "public/index.php",
            "src/Controller/.gitignore",
            "src/Kernel.php"
        ]
    },
    "symfony/http-client": {
        "version": "v5.4.1"
    },
    "symfony/http-client-contracts": {
        "version": "v2.5.0"
    },
    "symfony/http-foundation": {
        "version": "v5.4.1"
    },
    "symfony/http-kernel": {
        "version": "v5.4.1"
    },
    "symfony/intl": {
        "version": "v5.4.0"
    },
    "symfony/mailer": {
        "version": "7.2",
        "recipe": {
            "repo": "github.com/symfony/recipes",
            "branch": "main",
            "version": "4.3",
            "ref": "09051cfde49476e3c12cd3a0e44289ace1c75a4f"
        },
        "files": [
            "config/packages/mailer.yaml"
        ]
    },
    "symfony/maker-bundle": {
        "version": "1.0",
        "recipe": {
            "repo": "github.com/symfony/recipes",
            "branch": "master",
            "version": "1.0",
            "ref": "fadbfe33303a76e25cb63401050439aa9b1a9c7f"
        }
    },
    "symfony/mime": {
        "version": "v5.4.0"
    },
    "symfony/monolog-bridge": {
        "version": "v5.4.0"
    },
    "symfony/monolog-bundle": {
        "version": "3.10",
        "recipe": {
            "repo": "github.com/symfony/recipes",
            "branch": "main",
            "version": "3.7",
            "ref": "aff23899c4440dd995907613c1dd709b6f59503f"
        },
        "files": [
            "config/packages/monolog.yaml"
        ]
    },
    "symfony/notifier": {
        "version": "6.3",
        "recipe": {
            "repo": "github.com/symfony/recipes",
            "branch": "main",
            "version": "5.0",
            "ref": "178877daf79d2dbd62129dd03612cb1a2cb407cc"
        },
        "files": [
            "config/packages/notifier.yaml"
        ]
    },
    "symfony/options-resolver": {
        "version": "v5.4.0"
    },
    "symfony/password-hasher": {
        "version": "v5.4.0"
    },
    "symfony/phpunit-bridge": {
        "version": "7.3",
        "recipe": {
            "repo": "github.com/symfony/recipes",
            "branch": "main",
            "version": "7.3",
            "ref": "dc13fec96bd527bd399c3c01f0aab915c67fd544"
        },
        "files": []
    },
    "symfony/polyfill-intl-grapheme": {
        "version": "v1.23.1"
    },
    "symfony/polyfill-intl-icu": {
        "version": "v1.23.0"
    },
    "symfony/polyfill-intl-idn": {
        "version": "v1.23.0"
    },
    "symfony/polyfill-intl-normalizer": {
        "version": "v1.23.0"
    },
    "symfony/polyfill-mbstring": {
        "version": "v1.23.1"
    },
    "symfony/process": {
        "version": "v5.4.0"
    },
    "symfony/property-access": {
        "version": "v5.4.0"
    },
    "symfony/property-info": {
        "version": "v5.4.0"
    },
    "symfony/routing": {
        "version": "7.1",
        "recipe": {
            "repo": "github.com/symfony/recipes",
            "branch": "main",
            "version": "7.0",
            "ref": "21b72649d5622d8f7da329ffb5afb232a023619d"
        },
        "files": [
            "config/packages/routing.yaml",
            "config/routes.yaml"
        ]
    },
    "symfony/runtime": {
        "version": "v5.4.1"
    },
    "symfony/security-bundle": {
        "version": "6.4",
        "recipe": {
            "repo": "github.com/symfony/recipes",
            "branch": "main",
            "version": "6.4",
            "ref": "2ae08430db28c8eb4476605894296c82a642028f"
        },
        "files": [
            "config/packages/security.yaml",
            "config/routes/security.yaml"
        ]
    },
    "symfony/security-core": {
        "version": "v5.4.0"
    },
    "symfony/security-csrf": {
        "version": "v5.4.0"
    },
    "symfony/security-http": {
        "version": "v5.4.0"
    },
    "symfony/serializer": {
        "version": "v5.4.0"
    },
    "symfony/service-contracts": {
        "version": "v2.4.1"
    },
    "symfony/stopwatch": {
        "version": "v5.4.0"
    },
    "symfony/string": {
        "version": "v5.4.0"
    },
    "symfony/translation": {
        "version": "7.3",
        "recipe": {
            "repo": "github.com/symfony/recipes",
            "branch": "main",
            "version": "6.3",
            "ref": "620a1b84865ceb2ba304c8f8bf2a185fbf32a843"
        },
        "files": [
            "config/packages/translation.yaml",
            "translations/.gitignore"
        ]
    },
    "symfony/translation-contracts": {
        "version": "v2.5.0"
    },
    "symfony/twig-bridge": {
        "version": "v5.4.0"
    },
    "symfony/twig-bundle": {
        "version": "7.1",
        "recipe": {
            "repo": "github.com/symfony/recipes",
            "branch": "main",
            "version": "6.4",
            "ref": "cab5fd2a13a45c266d45a7d9337e28dee6272877"
        },
        "files": [
            "config/packages/twig.yaml",
            "templates/base.html.twig"
        ]
    },
    "symfony/uid": {
        "version": "7.1",
        "recipe": {
            "repo": "github.com/symfony/recipes",
            "branch": "main",
            "version": "7.0",
            "ref": "0df5844274d871b37fc3816c57a768ffc60a43a5"
        },
        "files": []
    },
    "symfony/ux-twig-component": {
        "version": "2.28",
        "recipe": {
            "repo": "github.com/symfony/recipes",
            "branch": "main",
            "version": "2.13",
            "ref": "f367ae2a1faf01c503de2171f1ec22567febeead"
        },
        "files": [
            "config/packages/twig_component.yaml"
        ]
    },
    "symfony/validator": {
        "version": "7.1",
        "recipe": {
            "repo": "github.com/symfony/recipes",
            "branch": "main",
            "version": "7.0",
            "ref": "8c1c4e28d26a124b0bb273f537ca8ce443472bfd"
        },
        "files": [
            "config/packages/validator.yaml"
        ]
    },
    "symfony/var-dumper": {
        "version": "v5.4.1"
    },
    "symfony/var-exporter": {
        "version": "v5.4.0"
    },
    "symfony/web-link": {
        "version": "v5.4.0"
    },
    "symfony/web-profiler-bundle": {
        "version": "7.3",
        "recipe": {
            "repo": "github.com/symfony/recipes",
            "branch": "main",
            "version": "7.3",
            "ref": "a363460c1b0b4a4d0242f2ce1a843ca0f6ac9026"
        },
        "files": [
            "config/packages/web_profiler.yaml",
            "config/routes/web_profiler.yaml"
        ]
    },
    "symfony/yaml": {
        "version": "v5.4.0"
    },
    "twig/extra-bundle": {
        "version": "v3.3.4"
    },
    "twig/intl-extra": {
        "version": "v3.3.4"
    },
    "twig/string-extra": {
        "version": "v3.3.4"
    },
    "twig/twig": {
        "version": "v3.3.4"
    },
    "webmozart/assert": {
        "version": "1.10.0"
    }
}
